
Microsoft Visual Studio Solution File, Format Version 12.00
# Visual Studio Version 17
VisualStudioVersion = 17.0.31903.59
MinimumVisualStudioVersion = 10.0.40219.1
Project("{FAE04EC0-301F-11D3-BF4B-00C04F79EFBC}") = "ThreaderTools", "ThreaderTools\ThreaderTools.csproj", "{CCAFB79A-C0E5-4C6E-BF5C-B8760F7F9250}"
EndProject
Global
	GlobalSection(SolutionConfigurationPlatforms) = preSolution
		Debug|Any CPU = Debug|Any CPU
		Release|Any CPU = Release|Any CPU
	EndGlobalSection
	GlobalSection(ProjectConfigurationPlatforms) = postSolution
		{CCAFB79A-C0E5-4C6E-BF5C-B8760F7F9250}.Debug|Any CPU.ActiveCfg = Debug|Any CPU
		{CCAFB79A-C0E5-4C6E-BF5C-B8760F7F9250}.Debug|Any CPU.Build.0 = Debug|Any CPU
		{CCAFB79A-C0E5-4C6E-BF5C-B8760F7F9250}.Release|Any CPU.ActiveCfg = Release|Any CPU
		{CCAFB79A-C0E5-4C6E-BF5C-B8760F7F9250}.Release|Any CPU.Build.0 = Release|Any CPU
	EndGlobalSection
	GlobalSection(SolutionProperties) = preSolution
		HideSolutionNode = FALSE
	EndGlobalSection
	GlobalSection(ExtensibilityGlobals) = postSolution
		SolutionGuid = {84390428-AC9F-4A14-BF8B-BB345699B274}
	EndGlobalSection
EndGlobal
